
Microsoft Visual Studio Solution File, Format Version 12.00
# Visual Studio Version 17
VisualStudioVersion = 17.2.32616.157
MinimumVisualStudioVersion = 10.0.40219.1
Project("{FAE04EC0-301F-11D3-BF4B-00C04F79EFBC}") = "BackEndProject", "BackEndProject\BackEndProject.csproj", "{55AECAA7-97B6-44C6-80F2-AAA32F027097}"
EndProject
Global
	GlobalSection(SolutionConfigurationPlatforms) = preSolution
		Debug|Any CPU = Debug|Any CPU
		Release|Any CPU = Release|Any CPU
	EndGlobalSection
	GlobalSection(ProjectConfigurationPlatforms) = postSolution
		{55AECAA7-97B6-44C6-80F2-AAA32F027097}.Debug|Any CPU.ActiveCfg = Debug|Any CPU
		{55AECAA7-97B6-44C6-80F2-AAA32F027097}.Debug|Any CPU.Build.0 = Debug|Any CPU
		{55AECAA7-97B6-44C6-80F2-AAA32F027097}.Release|Any CPU.ActiveCfg = Release|Any CPU
		{55AECAA7-97B6-44C6-80F2-AAA32F027097}.Release|Any CPU.Build.0 = Release|Any CPU
	EndGlobalSection
	GlobalSection(SolutionProperties) = preSolution
		HideSolutionNode = FALSE
	EndGlobalSection
	GlobalSection(ExtensibilityGlobals) = postSolution
		SolutionGuid = {843BD63E-5BFE-43EC-8A4E-D699B5C0A10B}
	EndGlobalSection
EndGlobal
